
Microsoft Visual Studio Solution File, Format Version 12.00
# Visual Studio 15
VisualStudioVersion = 15.0.28307.136
MinimumVisualStudioVersion = 10.0.40219.1
Project("{FAE04EC0-301F-11D3-BF4B-00C04F79EFBC}") = "YarraTrams.Havm2TramTracker.Console", "YarraTrams.Havm2TramTracker.Console\YarraTrams.Havm2TramTracker.Console.csproj", "{2B1CA8A7-F37F-4DA5-9E2C-46391C13EE95}"
EndProject
Project("{FAE04EC0-301F-11D3-BF4B-00C04F79EFBC}") = "YarraTrams.Havm2TramTracker.Processor", "YarraTrams.Havm2TramTracker.Processor\YarraTrams.Havm2TramTracker.Processor.csproj", "{047ED2BC-3499-45C1-9B0E-2AD64083BC4E}"
EndProject
Project("{FAE04EC0-301F-11D3-BF4B-00C04F79EFBC}") = "YarraTrams.Havm2TramTracker.Tests", "YarraTrams.Havm2TramTracker.Tests\YarraTrams.Havm2TramTracker.Tests.csproj", "{937818EC-0899-49C3-A036-55C851FA1343}"
EndProject
Project("{FAE04EC0-301F-11D3-BF4B-00C04F79EFBC}") = "YarraTrams.Havm2TramTracker.Models", "YarraTrams.Havm2TramTracker.Models\YarraTrams.Havm2TramTracker.Models.csproj", "{FE22FA30-B89F-4BD1-84C6-9B4F60F99B8E}"
EndProject
Project("{FAE04EC0-301F-11D3-BF4B-00C04F79EFBC}") = "YarraTrams.Havm2TramTracker.Logger", "YarraTrams.Havm2TramTracker.Logger\YarraTrams.Havm2TramTracker.Logger.csproj", "{87010305-28A2-44E4-8675-7B02FD5862E7}"
EndProject
Global
	GlobalSection(SolutionConfigurationPlatforms) = preSolution
		Debug|Any CPU = Debug|Any CPU
		Release|Any CPU = Release|Any CPU
	EndGlobalSection
	GlobalSection(ProjectConfigurationPlatforms) = postSolution
		{2B1CA8A7-F37F-4DA5-9E2C-46391C13EE95}.Debug|Any CPU.ActiveCfg = Debug|Any CPU
		{2B1CA8A7-F37F-4DA5-9E2C-46391C13EE95}.Debug|Any CPU.Build.0 = Debug|Any CPU
		{2B1CA8A7-F37F-4DA5-9E2C-46391C13EE95}.Release|Any CPU.ActiveCfg = Release|Any CPU
		{2B1CA8A7-F37F-4DA5-9E2C-46391C13EE95}.Release|Any CPU.Build.0 = Release|Any CPU
		{047ED2BC-3499-45C1-9B0E-2AD64083BC4E}.Debug|Any CPU.ActiveCfg = Debug|Any CPU
		{047ED2BC-3499-45C1-9B0E-2AD64083BC4E}.Debug|Any CPU.Build.0 = Debug|Any CPU
		{047ED2BC-3499-45C1-9B0E-2AD64083BC4E}.Release|Any CPU.ActiveCfg = Release|Any CPU
		{047ED2BC-3499-45C1-9B0E-2AD64083BC4E}.Release|Any CPU.Build.0 = Release|Any CPU
		{937818EC-0899-49C3-A036-55C851FA1343}.Debug|Any CPU.ActiveCfg = Debug|Any CPU
		{937818EC-0899-49C3-A036-55C851FA1343}.Debug|Any CPU.Build.0 = Debug|Any CPU
		{937818EC-0899-49C3-A036-55C851FA1343}.Release|Any CPU.ActiveCfg = Release|Any CPU
		{937818EC-0899-49C3-A036-55C851FA1343}.Release|Any CPU.Build.0 = Release|Any CPU
		{FE22FA30-B89F-4BD1-84C6-9B4F60F99B8E}.Debug|Any CPU.ActiveCfg = Debug|Any CPU
		{FE22FA30-B89F-4BD1-84C6-9B4F60F99B8E}.Debug|Any CPU.Build.0 = Debug|Any CPU
		{FE22FA30-B89F-4BD1-84C6-9B4F60F99B8E}.Release|Any CPU.ActiveCfg = Release|Any CPU
		{FE22FA30-B89F-4BD1-84C6-9B4F60F99B8E}.Release|Any CPU.Build.0 = Release|Any CPU
		{87010305-28A2-44E4-8675-7B02FD5862E7}.Debug|Any CPU.ActiveCfg = Debug|Any CPU
		{87010305-28A2-44E4-8675-7B02FD5862E7}.Debug|Any CPU.Build.0 = Debug|Any CPU
		{87010305-28A2-44E4-8675-7B02FD5862E7}.Release|Any CPU.ActiveCfg = Release|Any CPU
		{87010305-28A2-44E4-8675-7B02FD5862E7}.Release|Any CPU.Build.0 = Release|Any CPU
	EndGlobalSection
	GlobalSection(SolutionProperties) = preSolution
		HideSolutionNode = FALSE
	EndGlobalSection
	GlobalSection(ExtensibilityGlobals) = postSolution
		SolutionGuid = {4B7C0933-7C20-42E9-B089-2A9463B35BBC}
	EndGlobalSection
EndGlobal
